// !$*UTF8*$!
{
	archiveVersion = 1;
	classes = {
	};
	objectVersion = 46;
	objects = {

/* Begin PBXBuildFile section */
		6E5A49691D2BD99500958FCF /* AppDelegate.swift in Sources */ = {isa = PBXBuildFile; fileRef = 6E5A49681D2BD99500958FCF /* AppDelegate.swift */; };
		6E5A496E1D2BD99500958FCF /* Main.storyboard in Resources */ = {isa = PBXBuildFile; fileRef = 6E5A496C1D2BD99500958FCF /* Main.storyboard */; };
		6E5A49701D2BD99600958FCF /* Assets.xcassets in Resources */ = {isa = PBXBuildFile; fileRef = 6E5A496F1D2BD99600958FCF /* Assets.xcassets */; };
		6E5A49731D2BD99600958FCF /* LaunchScreen.storyboard in Resources */ = {isa = PBXBuildFile; fileRef = 6E5A49711D2BD99600958FCF /* LaunchScreen.storyboard */; };
		6E5A497C1D2BD9F300958FCF /* ImageViewController.swift in Sources */ = {isa = PBXBuildFile; fileRef = 6E5A497B1D2BD9F300958FCF /* ImageViewController.swift */; };
		6E5A497E1D2BDBBA00958FCF /* DemoURL.swift in Sources */ = {isa = PBXBuildFile; fileRef = 6E5A497D1D2BDBBA00958FCF /* DemoURL.swift */; };
		6EDBFE6D1D368146004E82A0 /* CassiniViewController.swift in Sources */ = {isa = PBXBuildFile; fileRef = 6EDBFE6C1D368146004E82A0 /* CassiniViewController.swift */; };
/* End PBXBuildFile section */

/* Begin PBXFileReference section */
		6E5A49651D2BD99500958FCF /* Cassini.app */ = {isa = PBXFileReference; explicitFileType = wrapper.application; includeInIndex = 0; path = Cassini.app; sourceTree = BUILT_PRODUCTS_DIR; };
		6E5A49681D2BD99500958FCF /* AppDelegate.swift */ = {isa = PBXFileReference; lastKnownFileType = sourcecode.swift; path = AppDelegate.swift; sourceTree = "<group>"; };
		6E5A496D1D2BD99500958FCF /* Base */ = {isa = PBXFileReference; lastKnownFileType = file.storyboard; name = Base; path = Base.lproj/Main.storyboard; sourceTree = "<group>"; };
		6E5A496F1D2BD99600958FCF /* Assets.xcassets */ = {isa = PBXFileReference; lastKnownFileType = folder.assetcatalog; path = Assets.xcassets; sourceTree = "<group>"; };
		6E5A49721D2BD99600958FCF /* Base */ = {isa = PBXFileReference; lastKnownFileType = file.storyboard; name = Base; path = Base.lproj/LaunchScreen.storyboard; sourceTree = "<group>"; };
		6E5A49741D2BD99600958FCF /* Info.plist */ = {isa = PBXFileReference; lastKnownFileType = text.plist.xml; path = Info.plist; sourceTree = "<group>"; };
		6E5A497B1D2BD9F300958FCF /* ImageViewController.swift */ = {isa = PBXFileReference; fileEncoding = 4; lastKnownFileType = sourcecode.swift; path = ImageViewController.swift; sourceTree = "<group>"; };
		6E5A497D1D2BDBBA00958FCF /* DemoURL.swift */ = {isa = PBXFileReference; fileEncoding = 4; lastKnownFileType = sourcecode.swift; path = DemoURL.swift; sourceTree = "<group>"; };
		6EDBFE6C1D368146004E82A0 /* CassiniViewController.swift */ = {isa = PBXFileReference; fileEncoding = 4; lastKnownFileType = sourcecode.swift; path = CassiniViewController.swift; sourceTree = "<group>"; };
/* End PBXFileReference section */

/* Begin PBXFrameworksBuildPhase section */
		6E5A49621D2BD99500958FCF /* Frameworks */ = {
			isa = PBXFrameworksBuildPhase;
			buildActionMask = 2147483647;
			files = (
			);
			runOnlyForDeploymentPostprocessing = 0;
		};
/* End PBXFrameworksBuildPhase section */

/* Begin PBXGroup section */
		6E5A495C1D2BD99400958FCF = {
			isa = PBXGroup;
			children = (
				6E5A49671D2BD99500958FCF /* Cassini */,
				6E5A49661D2BD99500958FCF /* Products */,
			);
			sourceTree = "<group>";
		};
		6E5A49661D2BD99500958FCF /* Products */ = {
			isa = PBXGroup;
			children = (
				6E5A49651D2BD99500958FCF /* Cassini.app */,
			);
			name = Products;
			sourceTree = "<group>";
		};
		6E5A49671D2BD99500958FCF /* Cassini */ = {
			isa = PBXGroup;
			children = (
				6E5A497A1D2BD9A700958FCF /* Supporting Files */,
				6E5A496C1D2BD99500958FCF /* Main.storyboard */,
				6EDBFE6C1D368146004E82A0 /* CassiniViewController.swift */,
				6E5A497D1D2BDBBA00958FCF /* DemoURL.swift */,
				6E5A497B1D2BD9F300958FCF /* ImageViewController.swift */,
			);
			path = Cassini;
			sourceTree = "<group>";
		};
		6E5A497A1D2BD9A700958FCF /* Supporting Files */ = {
			isa = PBXGroup;
			children = (
				6E5A49681D2BD99500958FCF /* AppDelegate.swift */,
				6E5A496F1D2BD99600958FCF /* Assets.xcassets */,
				6E5A49711D2BD99600958FCF /* LaunchScreen.storyboard */,
				6E5A49741D2BD99600958FCF /* Info.plist */,
			);
			name = "Supporting Files";
			sourceTree = "<group>";
		};
/* End PBXGroup section */

/* Begin PBXNativeTarget section */
		6E5A49641D2BD99500958FCF /* Cassini */ = {
			isa = PBXNativeTarget;
			buildConfigurationList = 6E5A49771D2BD99600958FCF /* Build configuration list for PBXNativeTarget "Cassini" */;
			buildPhases = (
				6E5A49611D2BD99500958FCF /* Sources */,
				6E5A49621D2BD99500958FCF /* Frameworks */,
				6E5A49631D2BD99500958FCF /* Resources */,
			);
			buildRules = (
			);
			dependencies = (
			);
			name = Cassini;
			productName = Cassini;
			productReference = 6E5A49651D2BD99500958FCF /* Cassini.app */;
			productType = "com.apple.product-type.application";
		};
/* End PBXNativeTarget section */

/* Begin PBXProject section */
		6E5A495D1D2BD99400958FCF /* Project object */ = {
			isa = PBXProject;
			attributes = {
				LastSwiftUpdateCheck = 0730;
				LastUpgradeCheck = 0730;
				ORGANIZATIONNAME = "Ivan Lazarev";
				TargetAttributes = {
					6E5A49641D2BD99500958FCF = {
						CreatedOnToolsVersion = 7.3.1;
						DevelopmentTeam = 9LU8U6NNWA;
					};
				};
			};
			buildConfigurationList = 6E5A49601D2BD99400958FCF /* Build configuration list for PBXProject "Cassini" */;
			compatibilityVersion = "Xcode 3.2";
			developmentRegion = English;
			hasScannedForEncodings = 0;
			knownRegions = (
				en,
				Base,
			);
			mainGroup = 6E5A495C1D2BD99400958FCF;
			productRefGroup = 6E5A49661D2BD99500958FCF /* Products */;
			projectDirPath = "";
			projectRoot = "";
			targets = (
				6E5A49641D2BD99500958FCF /* Cassini */,
			);
		};
/* End PBXProject section */

/* Begin PBXResourcesBuildPhase section */
		6E5A49631D2BD99500958FCF /* Resources */ = {
			isa = PBXResourcesBuildPhase;
			buildActionMask = 2147483647;
			files = (
				6E5A49731D2BD99600958FCF /* LaunchScreen.storyboard in Resources */,
				6E5A49701D2BD99600958FCF /* Assets.xcassets in Resources */,
				6E5A496E1D2BD99500958FCF /* Main.storyboard in Resources */,
			);
			runOnlyForDeploymentPostprocessing = 0;
		};
/* End PBXResourcesBuildPhase section */

/* Begin PBXSourcesBuildPhase section */
		6E5A49611D2BD99500958FCF /* Sources */ = {
			isa = PBXSourcesBuildPhase;
			buildActionMask = 2147483647;
			files = (
				6E5A497C1D2BD9F300958FCF /* ImageViewController.swift in Sources */,
				6E5A49691D2BD99500958FCF /* AppDelegate.swift in Sources */,
				6E5A497E1D2BDBBA00958FCF /* DemoURL.swift in Sources */,
				6EDBFE6D1D368146004E82A0 /* CassiniViewController.swift in Sources */,
			);
			runOnlyForDeploymentPostprocessing = 0;
		};
/* End PBXSourcesBuildPhase section */

/* Begin PBXVariantGroup section */
		6E5A496C1D2BD99500958FCF /* Main.storyboard */ = {
			isa = PBXVariantGroup;
			children = (
				6E5A496D1D2BD99500958FCF /* Base */,
			);
			name = Main.storyboard;
			sourceTree = "<group>";
		};
		6E5A49711D2BD99600958FCF /* LaunchScreen.storyboard */ = {
			isa = PBXVariantGroup;
			children = (
				6E5A49721D2BD99600958FCF /* Base */,
			);
			name = LaunchScreen.storyboard;
			sourceTree = "<group>";
		};
/* End PBXVariantGroup section */

/* Begin XCBuildConfiguration section */
		6E5A49751D2BD99600958FCF /* Debug */ = {
			isa = XCBuildConfiguration;
			buildSettings = {
				ALWAYS_SEARCH_USER_PATHS = NO;
				CLANG_ANALYZER_NONNULL = YES;
				CLANG_CXX_LANGUAGE_STANDARD = "gnu++0x";
				CLANG_CXX_LIBRARY = "libc++";
				CLANG_ENABLE_MODULES = YES;
				CLANG_ENABLE_OBJC_ARC = YES;
				CLANG_WARN_BOOL_CONVERSION = YES;
				CLANG_WARN_CONSTANT_CONVERSION = YES;
				CLANG_WARN_DIRECT_OBJC_ISA_USAGE = YES_ERROR;
				CLANG_WARN_EMPTY_BODY = YES;
				CLANG_WARN_ENUM_CONVERSION = YES;
				CLANG_WARN_INT_CONVERSION = YES;
				CLANG_WARN_OBJC_ROOT_CLASS = YES_ERROR;
				CLANG_WARN_UNREACHABLE_CODE = YES;
				CLANG_WARN__DUPLICATE_METHOD_MATCH = YES;
				"CODE_SIGN_IDENTITY[sdk=iphoneos*]" = "iPhone Developer";
				COPY_PHASE_STRIP = NO;
				DEBUG_INFORMATION_FORMAT = dwarf;
				ENABLE_STRICT_OBJC_MSGSEND = YES;
				ENABLE_TESTABILITY = YES;
				GCC_C_LANGUAGE_STANDARD = gnu99;
				GCC_DYNAMIC_NO_PIC = NO;
				GCC_NO_COMMON_BLOCKS = YES;
				GCC_OPTIMIZATION_LEVEL = 0;
				GCC_PREPROCESSOR_DEFINITIONS = (
					"DEBUG=1",
					"$(inherited)",
				);
				GCC_WARN_64_TO_32_BIT_CONVERSION = YES;
				GCC_WARN_ABOUT_RETURN_TYPE = YES_ERROR;
				GCC_WARN_UNDECLARED_SELECTOR = YES;
				GCC_WARN_UNINITIALIZED_AUTOS = YES_AGGRESSIVE;
				GCC_WARN_UNUSED_FUNCTION = YES;
				GCC_WARN_UNUSED_VARIABLE = YES;
				IPHONEOS_DEPLOYMENT_TARGET = 9.3;
				MTL_ENABLE_DEBUG_INFO = YES;
				ONLY_ACTIVE_ARCH = YES;
				SDKROOT = iphoneos;
				SWIFT_OPTIMIZATION_LEVEL = "-Onone";
				TARGETED_DEVICE_FAMILY = "1,2";
			};
			name = Debug;
		};
		6E5A49761D2BD99600958FCF /* Release */ = {
			isa = XCBuildConfiguration;
			buildSettings = {
				ALWAYS_SEARCH_USER_PATHS = NO;
				CLANG_ANALYZER_NONNULL = YES;
				CLANG_CXX_LANGUAGE_STANDARD = "gnu++0x";
				CLANG_CXX_LIBRARY = "libc++";
				CLANG_ENABLE_MODULES = YES;
				CLANG_ENABLE_OBJC_ARC = YES;
				CLANG_WARN_BOOL_CONVERSION = YES;
				CLANG_WARN_CONSTANT_CONVERSION = YES;
				CLANG_WARN_DIRECT_OBJC_ISA_USAGE = YES_ERROR;
				CLANG_WARN_EMPTY_BODY = YES;
				CLANG_WARN_ENUM_CONVERSION = YES;
				CLANG_WARN_INT_CONVERSION = YES;
				CLANG_WARN_OBJC_ROOT_CLASS = YES_ERROR;
				CLANG_WARN_UNREACHABLE_CODE = YES;
				CLANG_WARN__DUPLICATE_METHOD_MATCH = YES;
				"CODE_SIGN_IDENTITY[sdk=iphoneos*]" = "iPhone Developer";
				COPY_PHASE_STRIP = NO;
				DEBUG_INFORMATION_FORMAT = "dwarf-with-dsym";
				ENABLE_NS_ASSERTIONS = NO;
				ENABLE_STRICT_OBJC_MSGSEND = YES;
				GCC_C_LANGUAGE_STANDARD = gnu99;
				GCC_NO_COMMON_BLOCKS = YES;
				GCC_WARN_64_TO_32_BIT_CONVERSION = YES;
				GCC_WARN_ABOUT_RETURN_TYPE = YES_ERROR;
				GCC_WARN_UNDECLARED_SELECTOR = YES;
				GCC_WARN_UNINITIALIZED_AUTOS = YES_AGGRESSIVE;
				GCC_WARN_UNUSED_FUNCTION = YES;
				GCC_WARN_UNUSED_VARIABLE = YES;
				IPHONEOS_DEPLOYMENT_TARGET = 9.3;
				MTL_ENABLE_DEBUG_INFO = NO;
				SDKROOT = iphoneos;
				TARGETED_DEVICE_FAMILY = "1,2";
				VALIDATE_PRODUCT = YES;
			};
			name = Release;
		};
		6E5A49781D2BD99600958FCF /* Debug */ = {
			isa = XCBuildConfiguration;
			buildSettings = {
				ASSETCATALOG_COMPILER_APPICON_NAME = AppIcon;
				INFOPLIST_FILE = Cassini/Info.plist;
				LD_RUNPATH_SEARCH_PATHS = "$(inherited) @executable_path/Frameworks";
				PRODUCT_BUNDLE_IDENTIFIER = itc.Cassini;
				PRODUCT_NAME = "$(TARGET_NAME)";
			};
			name = Debug;
		};
		6E5A49791D2BD99600958FCF /* Release */ = {
			isa = XCBuildConfiguration;
			buildSettings = {
				ASSETCATALOG_COMPILER_APPICON_NAME = AppIcon;
				INFOPLIST_FILE = Cassini/Info.plist;
				LD_RUNPATH_SEARCH_PATHS = "$(inherited) @executable_path/Frameworks";
				PRODUCT_BUNDLE_IDENTIFIER = itc.Cassini;
				PRODUCT_NAME = "$(TARGET_NAME)";
			};
			name = Release;
		};
/* End XCBuildConfiguration section */

/* Begin XCConfigurationList section */
		6E5A49601D2BD99400958FCF /* Build configuration list for PBXProject "Cassini" */ = {
			isa = XCConfigurationList;
			buildConfigurations = (
				6E5A49751D2BD99600958FCF /* Debug */,
				6E5A49761D2BD99600958FCF /* Release */,
			);
			defaultConfigurationIsVisible = 0;
			defaultConfigurationName = Release;
		};
		6E5A49771D2BD99600958FCF /* Build configuration list for PBXNativeTarget "Cassini" */ = {
			isa = XCConfigurationList;
			buildConfigurations = (
				6E5A49781D2BD99600958FCF /* Debug */,
				6E5A49791D2BD99600958FCF /* Release */,
			);
			defaultConfigurationIsVisible = 0;
			defaultConfigurationName = Release;
		};
/* End XCConfigurationList section */
	};
	rootObject = 6E5A495D1D2BD99400958FCF /* Project object */;
}
